// !$*UTF8*$!
{
	archiveVersion = 1;
	classes = {
	};
	objectVersion = 56;
	objects = {

/* Begin PBXBuildFile section */
		BDD1C92F2A376B000082984B /* GitHubPracticeApp.swift in Sources */ = {isa = PBXBuildFile; fileRef = BDD1C92E2A376B000082984B /* GitHubPracticeApp.swift */; };
		BDD1C9312A376B000082984B /* ContentView.swift in Sources */ = {isa = PBXBuildFile; fileRef = BDD1C9302A376B000082984B /* ContentView.swift */; };
		BDD1C9332A376B010082984B /* Assets.xcassets in Resources */ = {isa = PBXBuildFile; fileRef = BDD1C9322A376B010082984B /* Assets.xcassets */; };
		BDD1C9362A376B010082984B /* Preview Assets.xcassets in Resources */ = {isa = PBXBuildFile; fileRef = BDD1C9352A376B010082984B /* Preview Assets.xcassets */; };
		BDD1C9402A376B010082984B /* GitHubPracticeTests.swift in Sources */ = {isa = PBXBuildFile; fileRef = BDD1C93F2A376B010082984B /* GitHubPracticeTests.swift */; };
		BDD1C94A2A376B010082984B /* GitHubPracticeUITests.swift in Sources */ = {isa = PBXBuildFile; fileRef = BDD1C9492A376B010082984B /* GitHubPracticeUITests.swift */; };
		BDD1C94C2A376B010082984B /* GitHubPracticeUITestsLaunchTests.swift in Sources */ = {isa = PBXBuildFile; fileRef = BDD1C94B2A376B010082984B /* GitHubPracticeUITestsLaunchTests.swift */; };
		BDF1E5212A3B639D001F8D53 /* SecondView.swift in Sources */ = {isa = PBXBuildFile; fileRef = BDF1E5202A3B639D001F8D53 /* SecondView.swift */; };
		BDF1E5232A3B650E001F8D53 /* YourPlant.swift in Sources */ = {isa = PBXBuildFile; fileRef = BDF1E5222A3B650E001F8D53 /* YourPlant.swift */; };
/* End PBXBuildFile section */

/* Begin PBXContainerItemProxy section */
		BDD1C93C2A376B010082984B /* PBXContainerItemProxy */ = {
			isa = PBXContainerItemProxy;
			containerPortal = BDD1C9232A376B000082984B /* Project object */;
			proxyType = 1;
			remoteGlobalIDString = BDD1C92A2A376B000082984B;
			remoteInfo = GitHubPractice;
		};
		BDD1C9462A376B010082984B /* PBXContainerItemProxy */ = {
			isa = PBXContainerItemProxy;
			containerPortal = BDD1C9232A376B000082984B /* Project object */;
			proxyType = 1;
			remoteGlobalIDString = BDD1C92A2A376B000082984B;
			remoteInfo = GitHubPractice;
		};
/* End PBXContainerItemProxy section */

/* Begin PBXFileReference section */
		BDD1C92B2A376B000082984B /* GitHubPractice.app */ = {isa = PBXFileReference; explicitFileType = wrapper.application; includeInIndex = 0; path = GitHubPractice.app; sourceTree = BUILT_PRODUCTS_DIR; };
		BDD1C92E2A376B000082984B /* GitHubPracticeApp.swift */ = {isa = PBXFileReference; lastKnownFileType = sourcecode.swift; path = GitHubPracticeApp.swift; sourceTree = "<group>"; };
		BDD1C9302A376B000082984B /* ContentView.swift */ = {isa = PBXFileReference; lastKnownFileType = sourcecode.swift; path = ContentView.swift; sourceTree = "<group>"; };
		BDD1C9322A376B010082984B /* Assets.xcassets */ = {isa = PBXFileReference; lastKnownFileType = folder.assetcatalog; path = Assets.xcassets; sourceTree = "<group>"; };
		BDD1C9352A376B010082984B /* Preview Assets.xcassets */ = {isa = PBXFileReference; lastKnownFileType = folder.assetcatalog; path = "Preview Assets.xcassets"; sourceTree = "<group>"; };
		BDD1C93B2A376B010082984B /* GitHubPracticeTests.xctest */ = {isa = PBXFileReference; explicitFileType = wrapper.cfbundle; includeInIndex = 0; path = GitHubPracticeTests.xctest; sourceTree = BUILT_PRODUCTS_DIR; };
		BDD1C93F2A376B010082984B /* GitHubPracticeTests.swift */ = {isa = PBXFileReference; lastKnownFileType = sourcecode.swift; path = GitHubPracticeTests.swift; sourceTree = "<group>"; };
		BDD1C9452A376B010082984B /* GitHubPracticeUITests.xctest */ = {isa = PBXFileReference; explicitFileType = wrapper.cfbundle; includeInIndex = 0; path = GitHubPracticeUITests.xctest; sourceTree = BUILT_PRODUCTS_DIR; };
		BDD1C9492A376B010082984B /* GitHubPracticeUITests.swift */ = {isa = PBXFileReference; lastKnownFileType = sourcecode.swift; path = GitHubPracticeUITests.swift; sourceTree = "<group>"; };
		BDD1C94B2A376B010082984B /* GitHubPracticeUITestsLaunchTests.swift */ = {isa = PBXFileReference; lastKnownFileType = sourcecode.swift; path = GitHubPracticeUITestsLaunchTests.swift; sourceTree = "<group>"; };
		BDF1E5202A3B639D001F8D53 /* SecondView.swift */ = {isa = PBXFileReference; lastKnownFileType = sourcecode.swift; path = SecondView.swift; sourceTree = "<group>"; };
		BDF1E5222A3B650E001F8D53 /* YourPlant.swift */ = {isa = PBXFileReference; lastKnownFileType = sourcecode.swift; path = YourPlant.swift; sourceTree = "<group>"; };
/* End PBXFileReference section */

/* Begin PBXFrameworksBuildPhase section */
		BDD1C9282A376B000082984B /* Frameworks */ = {
			isa = PBXFrameworksBuildPhase;
			buildActionMask = 2147483647;
			files = (
			);
			runOnlyForDeploymentPostprocessing = 0;
		};
		BDD1C9382A376B010082984B /* Frameworks */ = {
			isa = PBXFrameworksBuildPhase;
			buildActionMask = 2147483647;
			files = (
			);
			runOnlyForDeploymentPostprocessing = 0;
		};
		BDD1C9422A376B010082984B /* Frameworks */ = {
			isa = PBXFrameworksBuildPhase;
			buildActionMask = 2147483647;
			files = (
			);
			runOnlyForDeploymentPostprocessing = 0;
		};
/* End PBXFrameworksBuildPhase section */

/* Begin PBXGroup section */
		BDD1C9222A376B000082984B = {
			isa = PBXGroup;
			children = (
				BDD1C92D2A376B000082984B /* GitHubPractice */,
				BDD1C93E2A376B010082984B /* GitHubPracticeTests */,
				BDD1C9482A376B010082984B /* GitHubPracticeUITests */,
				BDD1C92C2A376B000082984B /* Products */,
			);
			sourceTree = "<group>";
		};
		BDD1C92C2A376B000082984B /* Products */ = {
			isa = PBXGroup;
			children = (
				BDD1C92B2A376B000082984B /* GitHubPractice.app */,
				BDD1C93B2A376B010082984B /* GitHubPracticeTests.xctest */,
				BDD1C9452A376B010082984B /* GitHubPracticeUITests.xctest */,
			);
			name = Products;
			sourceTree = "<group>";
		};
		BDD1C92D2A376B000082984B /* GitHubPractice */ = {
			isa = PBXGroup;
			children = (
				BDD1C92E2A376B000082984B /* GitHubPracticeApp.swift */,
				BDD1C9302A376B000082984B /* ContentView.swift */,
				BDF1E5202A3B639D001F8D53 /* SecondView.swift */,
				BDF1E5222A3B650E001F8D53 /* YourPlant.swift */,
				BDD1C9322A376B010082984B /* Assets.xcassets */,
				BDD1C9342A376B010082984B /* Preview Content */,
			);
			path = GitHubPractice;
			sourceTree = "<group>";
		};
		BDD1C9342A376B010082984B /* Preview Content */ = {
			isa = PBXGroup;
			children = (
				BDD1C9352A376B010082984B /* Preview Assets.xcassets */,
			);
			path = "Preview Content";
			sourceTree = "<group>";
		};
		BDD1C93E2A376B010082984B /* GitHubPracticeTests */ = {
			isa = PBXGroup;
			children = (
				BDD1C93F2A376B010082984B /* GitHubPracticeTests.swift */,
			);
			path = GitHubPracticeTests;
			sourceTree = "<group>";
		};
		BDD1C9482A376B010082984B /* GitHubPracticeUITests */ = {
			isa = PBXGroup;
			children = (
				BDD1C9492A376B010082984B /* GitHubPracticeUITests.swift */,
				BDD1C94B2A376B010082984B /* GitHubPracticeUITestsLaunchTests.swift */,
			);
			path = GitHubPracticeUITests;
			sourceTree = "<group>";
		};
/* End PBXGroup section */

/* Begin PBXNativeTarget section */
		BDD1C92A2A376B000082984B /* GitHubPractice */ = {
			isa = PBXNativeTarget;
			buildConfigurationList = BDD1C94F2A376B010082984B /* Build configuration list for PBXNativeTarget "GitHubPractice" */;
			buildPhases = (
				BDD1C9272A376B000082984B /* Sources */,
				BDD1C9282A376B000082984B /* Frameworks */,
				BDD1C9292A376B000082984B /* Resources */,
			);
			buildRules = (
			);
			dependencies = (
			);
			name = GitHubPractice;
			productName = GitHubPractice;
			productReference = BDD1C92B2A376B000082984B /* GitHubPractice.app */;
			productType = "com.apple.product-type.application";
		};
		BDD1C93A2A376B010082984B /* GitHubPracticeTests */ = {
			isa = PBXNativeTarget;
			buildConfigurationList = BDD1C9522A376B010082984B /* Build configuration list for PBXNativeTarget "GitHubPracticeTests" */;
			buildPhases = (
				BDD1C9372A376B010082984B /* Sources */,
				BDD1C9382A376B010082984B /* Frameworks */,
				BDD1C9392A376B010082984B /* Resources */,
			);
			buildRules = (
			);
			dependencies = (
				BDD1C93D2A376B010082984B /* PBXTargetDependency */,
			);
			name = GitHubPracticeTests;
			productName = GitHubPracticeTests;
			productReference = BDD1C93B2A376B010082984B /* GitHubPracticeTests.xctest */;
			productType = "com.apple.product-type.bundle.unit-test";
		};
		BDD1C9442A376B010082984B /* GitHubPracticeUITests */ = {
			isa = PBXNativeTarget;
			buildConfigurationList = BDD1C9552A376B010082984B /* Build configuration list for PBXNativeTarget "GitHubPracticeUITests" */;
			buildPhases = (
				BDD1C9412A376B010082984B /* Sources */,
				BDD1C9422A376B010082984B /* Frameworks */,
				BDD1C9432A376B010082984B /* Resources */,
			);
			buildRules = (
			);
			dependencies = (
				BDD1C9472A376B010082984B /* PBXTargetDependency */,
			);
			name = GitHubPracticeUITests;
			productName = GitHubPracticeUITests;
			productReference = BDD1C9452A376B010082984B /* GitHubPracticeUITests.xctest */;
			productType = "com.apple.product-type.bundle.ui-testing";
		};
/* End PBXNativeTarget section */

/* Begin PBXProject section */
		BDD1C9232A376B000082984B /* Project object */ = {
			isa = PBXProject;
			attributes = {
				BuildIndependentTargetsInParallel = 1;
				LastSwiftUpdateCheck = 1430;
				LastUpgradeCheck = 1430;
				TargetAttributes = {
					BDD1C92A2A376B000082984B = {
						CreatedOnToolsVersion = 14.3.1;
					};
					BDD1C93A2A376B010082984B = {
						CreatedOnToolsVersion = 14.3.1;
						TestTargetID = BDD1C92A2A376B000082984B;
					};
					BDD1C9442A376B010082984B = {
						CreatedOnToolsVersion = 14.3.1;
						TestTargetID = BDD1C92A2A376B000082984B;
					};
				};
			};
			buildConfigurationList = BDD1C9262A376B000082984B /* Build configuration list for PBXProject "GitHubPractice" */;
			compatibilityVersion = "Xcode 14.0";
			developmentRegion = en;
			hasScannedForEncodings = 0;
			knownRegions = (
				en,
				Base,
			);
			mainGroup = BDD1C9222A376B000082984B;
			productRefGroup = BDD1C92C2A376B000082984B /* Products */;
			projectDirPath = "";
			projectRoot = "";
			targets = (
				BDD1C92A2A376B000082984B /* GitHubPractice */,
				BDD1C93A2A376B010082984B /* GitHubPracticeTests */,
				BDD1C9442A376B010082984B /* GitHubPracticeUITests */,
			);
		};
/* End PBXProject section */

/* Begin PBXResourcesBuildPhase section */
		BDD1C9292A376B000082984B /* Resources */ = {
			isa = PBXResourcesBuildPhase;
			buildActionMask = 2147483647;
			files = (
				BDD1C9362A376B010082984B /* Preview Assets.xcassets in Resources */,
				BDD1C9332A376B010082984B /* Assets.xcassets in Resources */,
			);
			runOnlyForDeploymentPostprocessing = 0;
		};
		BDD1C9392A376B010082984B /* Resources */ = {
			isa = PBXResourcesBuildPhase;
			buildActionMask = 2147483647;
			files = (
			);
			runOnlyForDeploymentPostprocessing = 0;
		};
		BDD1C9432A376B010082984B /* Resources */ = {
			isa = PBXResourcesBuildPhase;
			buildActionMask = 2147483647;
			files = (
			);
			runOnlyForDeploymentPostprocessing = 0;
		};
/* End PBXResourcesBuildPhase section */

/* Begin PBXSourcesBuildPhase section */
		BDD1C9272A376B000082984B /* Sources */ = {
			isa = PBXSourcesBuildPhase;
			buildActionMask = 2147483647;
			files = (
				BDF1E5232A3B650E001F8D53 /* YourPlant.swift in Sources */,
				BDF1E5212A3B639D001F8D53 /* SecondView.swift in Sources */,
				BDD1C9312A376B000082984B /* ContentView.swift in Sources */,
				BDD1C92F2A376B000082984B /* GitHubPracticeApp.swift in Sources */,
			);
			runOnlyForDeploymentPostprocessing = 0;
		};
		BDD1C9372A376B010082984B /* Sources */ = {
			isa = PBXSourcesBuildPhase;
			buildActionMask = 2147483647;
			files = (
				BDD1C9402A376B010082984B /* GitHubPracticeTests.swift in Sources */,
			);
			runOnlyForDeploymentPostprocessing = 0;
		};
		BDD1C9412A376B010082984B /* Sources */ = {
			isa = PBXSourcesBuildPhase;
			buildActionMask = 2147483647;
			files = (
				BDD1C94C2A376B010082984B /* GitHubPracticeUITestsLaunchTests.swift in Sources */,
				BDD1C94A2A376B010082984B /* GitHubPracticeUITests.swift in Sources */,
			);
			runOnlyForDeploymentPostprocessing = 0;
		};
/* End PBXSourcesBuildPhase section */

/* Begin PBXTargetDependency section */
		BDD1C93D2A376B010082984B /* PBXTargetDependency */ = {
			isa = PBXTargetDependency;
			target = BDD1C92A2A376B000082984B /* GitHubPractice */;
			targetProxy = BDD1C93C2A376B010082984B /* PBXContainerItemProxy */;
		};
		BDD1C9472A376B010082984B /* PBXTargetDependency */ = {
			isa = PBXTargetDependency;
			target = BDD1C92A2A376B000082984B /* GitHubPractice */;
			targetProxy = BDD1C9462A376B010082984B /* PBXContainerItemProxy */;
		};
/* End PBXTargetDependency section */

/* Begin XCBuildConfiguration section */
		BDD1C94D2A376B010082984B /* Debug */ = {
			isa = XCBuildConfiguration;
			buildSettings = {
				ALWAYS_SEARCH_USER_PATHS = NO;
				CLANG_ANALYZER_NONNULL = YES;
				CLANG_ANALYZER_NUMBER_OBJECT_CONVERSION = YES_AGGRESSIVE;
				CLANG_CXX_LANGUAGE_STANDARD = "gnu++20";
				CLANG_ENABLE_MODULES = YES;
				CLANG_ENABLE_OBJC_ARC = YES;
				CLANG_ENABLE_OBJC_WEAK = YES;
				CLANG_WARN_BLOCK_CAPTURE_AUTORELEASING = YES;
				CLANG_WARN_BOOL_CONVERSION = YES;
				CLANG_WARN_COMMA = YES;
				CLANG_WARN_CONSTANT_CONVERSION = YES;
				CLANG_WARN_DEPRECATED_OBJC_IMPLEMENTATIONS = YES;
				CLANG_WARN_DIRECT_OBJC_ISA_USAGE = YES_ERROR;
				CLANG_WARN_DOCUMENTATION_COMMENTS = YES;
				CLANG_WARN_EMPTY_BODY = YES;
				CLANG_WARN_ENUM_CONVERSION = YES;
				CLANG_WARN_INFINITE_RECURSION = YES;
				CLANG_WARN_INT_CONVERSION = YES;
				CLANG_WARN_NON_LITERAL_NULL_CONVERSION = YES;
				CLANG_WARN_OBJC_IMPLICIT_RETAIN_SELF = YES;
				CLANG_WARN_OBJC_LITERAL_CONVERSION = YES;
				CLANG_WARN_OBJC_ROOT_CLASS = YES_ERROR;
				CLANG_WARN_QUOTED_INCLUDE_IN_FRAMEWORK_HEADER = YES;
				CLANG_WARN_RANGE_LOOP_ANALYSIS = YES;
				CLANG_WARN_STRICT_PROTOTYPES = YES;
				CLANG_WARN_SUSPICIOUS_MOVE = YES;
				CLANG_WARN_UNGUARDED_AVAILABILITY = YES_AGGRESSIVE;
				CLANG_WARN_UNREACHABLE_CODE = YES;
				CLANG_WARN__DUPLICATE_METHOD_MATCH = YES;
				COPY_PHASE_STRIP = NO;
				DEBUG_INFORMATION_FORMAT = dwarf;
				ENABLE_STRICT_OBJC_MSGSEND = YES;
				ENABLE_TESTABILITY = YES;
				GCC_C_LANGUAGE_STANDARD = gnu11;
				GCC_DYNAMIC_NO_PIC = NO;
				GCC_NO_COMMON_BLOCKS = YES;
				GCC_OPTIMIZATION_LEVEL = 0;
				GCC_PREPROCESSOR_DEFINITIONS = (
					"DEBUG=1",
					"$(inherited)",
				);
				GCC_WARN_64_TO_32_BIT_CONVERSION = YES;
				GCC_WARN_ABOUT_RETURN_TYPE = YES_ERROR;
				GCC_WARN_UNDECLARED_SELECTOR = YES;
				GCC_WARN_UNINITIALIZED_AUTOS = YES_AGGRESSIVE;
				GCC_WARN_UNUSED_FUNCTION = YES;
				GCC_WARN_UNUSED_VARIABLE = YES;
				IPHONEOS_DEPLOYMENT_TARGET = 16.4;
				MTL_ENABLE_DEBUG_INFO = INCLUDE_SOURCE;
				MTL_FAST_MATH = YES;
				ONLY_ACTIVE_ARCH = YES;
				SDKROOT = iphoneos;
				SWIFT_ACTIVE_COMPILATION_CONDITIONS = DEBUG;
				SWIFT_OPTIMIZATION_LEVEL = "-Onone";
			};
			name = Debug;
		};
		BDD1C94E2A376B010082984B /* Release */ = {
			isa = XCBuildConfiguration;
			buildSettings = {
				ALWAYS_SEARCH_USER_PATHS = NO;
				CLANG_ANALYZER_NONNULL = YES;
				CLANG_ANALYZER_NUMBER_OBJECT_CONVERSION = YES_AGGRESSIVE;
				CLANG_CXX_LANGUAGE_STANDARD = "gnu++20";
				CLANG_ENABLE_MODULES = YES;
				CLANG_ENABLE_OBJC_ARC = YES;
				CLANG_ENABLE_OBJC_WEAK = YES;
				CLANG_WARN_BLOCK_CAPTURE_AUTORELEASING = YES;
				CLANG_WARN_BOOL_CONVERSION = YES;
				CLANG_WARN_COMMA = YES;
				CLANG_WARN_CONSTANT_CONVERSION = YES;
				CLANG_WARN_DEPRECATED_OBJC_IMPLEMENTATIONS = YES;
				CLANG_WARN_DIRECT_OBJC_ISA_USAGE = YES_ERROR;
				CLANG_WARN_DOCUMENTATION_COMMENTS = YES;
				CLANG_WARN_EMPTY_BODY = YES;
				CLANG_WARN_ENUM_CONVERSION = YES;
				CLANG_WARN_INFINITE_RECURSION = YES;
				CLANG_WARN_INT_CONVERSION = YES;
				CLANG_WARN_NON_LITERAL_NULL_CONVERSION = YES;
				CLANG_WARN_OBJC_IMPLICIT_RETAIN_SELF = YES;
				CLANG_WARN_OBJC_LITERAL_CONVERSION = YES;
				CLANG_WARN_OBJC_ROOT_CLASS = YES_ERROR;
				CLANG_WARN_QUOTED_INCLUDE_IN_FRAMEWORK_HEADER = YES;
				CLANG_WARN_RANGE_LOOP_ANALYSIS = YES;
				CLANG_WARN_STRICT_PROTOTYPES = YES;
				CLANG_WARN_SUSPICIOUS_MOVE = YES;
				CLANG_WARN_UNGUARDED_AVAILABILITY = YES_AGGRESSIVE;
				CLANG_WARN_UNREACHABLE_CODE = YES;
				CLANG_WARN__DUPLICATE_METHOD_MATCH = YES;
				COPY_PHASE_STRIP = NO;
				DEBUG_INFORMATION_FORMAT = "dwarf-with-dsym";
				ENABLE_NS_ASSERTIONS = NO;
				ENABLE_STRICT_OBJC_MSGSEND = YES;
				GCC_C_LANGUAGE_STANDARD = gnu11;
				GCC_NO_COMMON_BLOCKS = YES;
				GCC_WARN_64_TO_32_BIT_CONVERSION = YES;
				GCC_WARN_ABOUT_RETURN_TYPE = YES_ERROR;
				GCC_WARN_UNDECLARED_SELECTOR = YES;
				GCC_WARN_UNINITIALIZED_AUTOS = YES_AGGRESSIVE;
				GCC_WARN_UNUSED_FUNCTION = YES;
				GCC_WARN_UNUSED_VARIABLE = YES;
				IPHONEOS_DEPLOYMENT_TARGET = 16.4;
				MTL_ENABLE_DEBUG_INFO = NO;
				MTL_FAST_MATH = YES;
				SDKROOT = iphoneos;
				SWIFT_COMPILATION_MODE = wholemodule;
				SWIFT_OPTIMIZATION_LEVEL = "-O";
				VALIDATE_PRODUCT = YES;
			};
			name = Release;
		};
		BDD1C9502A376B010082984B /* Debug */ = {
			isa = XCBuildConfiguration;
			buildSettings = {
				ASSETCATALOG_COMPILER_APPICON_NAME = AppIcon;
				ASSETCATALOG_COMPILER_GLOBAL_ACCENT_COLOR_NAME = AccentColor;
				CODE_SIGN_STYLE = Automatic;
				CURRENT_PROJECT_VERSION = 1;
				DEVELOPMENT_ASSET_PATHS = "\"GitHubPractice/Preview Content\"";
				DEVELOPMENT_TEAM = UZM35Z8FJN;
				ENABLE_PREVIEWS = YES;
				GENERATE_INFOPLIST_FILE = YES;
				INFOPLIST_KEY_UIApplicationSceneManifest_Generation = YES;
				INFOPLIST_KEY_UIApplicationSupportsIndirectInputEvents = YES;
				INFOPLIST_KEY_UILaunchScreen_Generation = YES;
				INFOPLIST_KEY_UISupportedInterfaceOrientations_iPad = "UIInterfaceOrientationPortrait UIInterfaceOrientationPortraitUpsideDown UIInterfaceOrientationLandscapeLeft UIInterfaceOrientationLandscapeRight";
				INFOPLIST_KEY_UISupportedInterfaceOrientations_iPhone = "UIInterfaceOrientationPortrait UIInterfaceOrientationLandscapeLeft UIInterfaceOrientationLandscapeRight";
				LD_RUNPATH_SEARCH_PATHS = (
					"$(inherited)",
					"@executable_path/Frameworks",
				);
				MARKETING_VERSION = 1.0;
				PRODUCT_BUNDLE_IDENTIFIER = KodeWithKlossy.GitHubPractice;
				PRODUCT_NAME = "$(TARGET_NAME)";
				SWIFT_EMIT_LOC_STRINGS = YES;
				SWIFT_VERSION = 5.0;
				TARGETED_DEVICE_FAMILY = "1,2";
			};
			name = Debug;
		};
		BDD1C9512A376B010082984B /* Release */ = {
			isa = XCBuildConfiguration;
			buildSettings = {
				ASSETCATALOG_COMPILER_APPICON_NAME = AppIcon;
				ASSETCATALOG_COMPILER_GLOBAL_ACCENT_COLOR_NAME = AccentColor;
				CODE_SIGN_STYLE = Automatic;
				CURRENT_PROJECT_VERSION = 1;
				DEVELOPMENT_ASSET_PATHS = "\"GitHubPractice/Preview Content\"";
				DEVELOPMENT_TEAM = UZM35Z8FJN;
				ENABLE_PREVIEWS = YES;
				GENERATE_INFOPLIST_FILE = YES;
				INFOPLIST_KEY_UIApplicationSceneManifest_Generation = YES;
				INFOPLIST_KEY_UIApplicationSupportsIndirectInputEvents = YES;
				INFOPLIST_KEY_UILaunchScreen_Generation = YES;
				INFOPLIST_KEY_UISupportedInterfaceOrientations_iPad = "UIInterfaceOrientationPortrait UIInterfaceOrientationPortraitUpsideDown UIInterfaceOrientationLandscapeLeft UIInterfaceOrientationLandscapeRight";
				INFOPLIST_KEY_UISupportedInterfaceOrientations_iPhone = "UIInterfaceOrientationPortrait UIInterfaceOrientationLandscapeLeft UIInterfaceOrientationLandscapeRight";
				LD_RUNPATH_SEARCH_PATHS = (
					"$(inherited)",
					"@executable_path/Frameworks",
				);
				MARKETING_VERSION = 1.0;
				PRODUCT_BUNDLE_IDENTIFIER = KodeWithKlossy.GitHubPractice;
				PRODUCT_NAME = "$(TARGET_NAME)";
				SWIFT_EMIT_LOC_STRINGS = YES;
				SWIFT_VERSION = 5.0;
				TARGETED_DEVICE_FAMILY = "1,2";
			};
			name = Release;
		};
		BDD1C9532A376B010082984B /* Debug */ = {
			isa = XCBuildConfiguration;
			buildSettings = {
				ALWAYS_EMBED_SWIFT_STANDARD_LIBRARIES = YES;
				BUNDLE_LOADER = "$(TEST_HOST)";
				CODE_SIGN_STYLE = Automatic;
				CURRENT_PROJECT_VERSION = 1;
				DEVELOPMENT_TEAM = UZM35Z8FJN;
				GENERATE_INFOPLIST_FILE = YES;
				IPHONEOS_DEPLOYMENT_TARGET = 16.4;
				MARKETING_VERSION = 1.0;
				PRODUCT_BUNDLE_IDENTIFIER = KodeWithKlossy.GitHubPracticeTests;
				PRODUCT_NAME = "$(TARGET_NAME)";
				SWIFT_EMIT_LOC_STRINGS = NO;
				SWIFT_VERSION = 5.0;
				TARGETED_DEVICE_FAMILY = "1,2";
				TEST_HOST = "$(BUILT_PRODUCTS_DIR)/GitHubPractice.app/$(BUNDLE_EXECUTABLE_FOLDER_PATH)/GitHubPractice";
			};
			name = Debug;
		};
		BDD1C9542A376B010082984B /* Release */ = {
			isa = XCBuildConfiguration;
			buildSettings = {
				ALWAYS_EMBED_SWIFT_STANDARD_LIBRARIES = YES;
				BUNDLE_LOADER = "$(TEST_HOST)";
				CODE_SIGN_STYLE = Automatic;
				CURRENT_PROJECT_VERSION = 1;
				DEVELOPMENT_TEAM = UZM35Z8FJN;
				GENERATE_INFOPLIST_FILE = YES;
				IPHONEOS_DEPLOYMENT_TARGET = 16.4;
				MARKETING_VERSION = 1.0;
				PRODUCT_BUNDLE_IDENTIFIER = KodeWithKlossy.GitHubPracticeTests;
				PRODUCT_NAME = "$(TARGET_NAME)";
				SWIFT_EMIT_LOC_STRINGS = NO;
				SWIFT_VERSION = 5.0;
				TARGETED_DEVICE_FAMILY = "1,2";
				TEST_HOST = "$(BUILT_PRODUCTS_DIR)/GitHubPractice.app/$(BUNDLE_EXECUTABLE_FOLDER_PATH)/GitHubPractice";
			};
			name = Release;
		};
		BDD1C9562A376B010082984B /* Debug */ = {
			isa = XCBuildConfiguration;
			buildSettings = {
				ALWAYS_EMBED_SWIFT_STANDARD_LIBRARIES = YES;
				CODE_SIGN_STYLE = Automatic;
				CURRENT_PROJECT_VERSION = 1;
				DEVELOPMENT_TEAM = UZM35Z8FJN;
				GENERATE_INFOPLIST_FILE = YES;
				MARKETING_VERSION = 1.0;
				PRODUCT_BUNDLE_IDENTIFIER = KodeWithKlossy.GitHubPracticeUITests;
				PRODUCT_NAME = "$(TARGET_NAME)";
				SWIFT_EMIT_LOC_STRINGS = NO;
				SWIFT_VERSION = 5.0;
				TARGETED_DEVICE_FAMILY = "1,2";
				TEST_TARGET_NAME = GitHubPractice;
			};
			name = Debug;
		};
		BDD1C9572A376B010082984B /* Release */ = {
			isa = XCBuildConfiguration;
			buildSettings = {
				ALWAYS_EMBED_SWIFT_STANDARD_LIBRARIES = YES;
				CODE_SIGN_STYLE = Automatic;
				CURRENT_PROJECT_VERSION = 1;
				DEVELOPMENT_TEAM = UZM35Z8FJN;
				GENERATE_INFOPLIST_FILE = YES;
				MARKETING_VERSION = 1.0;
				PRODUCT_BUNDLE_IDENTIFIER = KodeWithKlossy.GitHubPracticeUITests;
				PRODUCT_NAME = "$(TARGET_NAME)";
				SWIFT_EMIT_LOC_STRINGS = NO;
				SWIFT_VERSION = 5.0;
				TARGETED_DEVICE_FAMILY = "1,2";
				TEST_TARGET_NAME = GitHubPractice;
			};
			name = Release;
		};
/* End XCBuildConfiguration section */

/* Begin XCConfigurationList section */
		BDD1C9262A376B000082984B /* Build configuration list for PBXProject "GitHubPractice" */ = {
			isa = XCConfigurationList;
			buildConfigurations = (
				BDD1C94D2A376B010082984B /* Debug */,
				BDD1C94E2A376B010082984B /* Release */,
			);
			defaultConfigurationIsVisible = 0;
			defaultConfigurationName = Release;
		};
		BDD1C94F2A376B010082984B /* Build configuration list for PBXNativeTarget "GitHubPractice" */ = {
			isa = XCConfigurationList;
			buildConfigurations = (
				BDD1C9502A376B010082984B /* Debug */,
				BDD1C9512A376B010082984B /* Release */,
			);
			defaultConfigurationIsVisible = 0;
			defaultConfigurationName = Release;
		};
		BDD1C9522A376B010082984B /* Build configuration list for PBXNativeTarget "GitHubPracticeTests" */ = {
			isa = XCConfigurationList;
			buildConfigurations = (
				BDD1C9532A376B010082984B /* Debug */,
				BDD1C9542A376B010082984B /* Release */,
			);
			defaultConfigurationIsVisible = 0;
			defaultConfigurationName = Release;
		};
		BDD1C9552A376B010082984B /* Build configuration list for PBXNativeTarget "GitHubPracticeUITests" */ = {
			isa = XCConfigurationList;
			buildConfigurations = (
				BDD1C9562A376B010082984B /* Debug */,
				BDD1C9572A376B010082984B /* Release */,
			);
			defaultConfigurationIsVisible = 0;
			defaultConfigurationName = Release;
		};
/* End XCConfigurationList section */
	};
	rootObject = BDD1C9232A376B000082984B /* Project object */;
}
